
Microsoft Visual Studio Solution File, Format Version 12.00
# Visual Studio Version 16
VisualStudioVersion = 16.0.30225.117
MinimumVisualStudioVersion = 10.0.40219.1
Project("{FAE04EC0-301F-11D3-BF4B-00C04F79EFBC}") = "CustomerAPI", "CustomerAPI\CustomerAPI.csproj", "{39A5E7E9-E9B2-498E-BEA9-442F63C8835F}"
EndProject
Project("{FAE04EC0-301F-11D3-BF4B-00C04F79EFBC}") = "CustomerAPI.Tests", "CustomerAPI.Tests\CustomerAPI.Tests.csproj", "{863C0911-1014-4E35-8860-231D476D27B7}"
EndProject
Global
	GlobalSection(SolutionConfigurationPlatforms) = preSolution
		Debug|Any CPU = Debug|Any CPU
		Release|Any CPU = Release|Any CPU
	EndGlobalSection
	GlobalSection(ProjectConfigurationPlatforms) = postSolution
		{39A5E7E9-E9B2-498E-BEA9-442F63C8835F}.Debug|Any CPU.ActiveCfg = Debug|Any CPU
		{39A5E7E9-E9B2-498E-BEA9-442F63C8835F}.Debug|Any CPU.Build.0 = Debug|Any CPU
		{39A5E7E9-E9B2-498E-BEA9-442F63C8835F}.Release|Any CPU.ActiveCfg = Release|Any CPU
		{39A5E7E9-E9B2-498E-BEA9-442F63C8835F}.Release|Any CPU.Build.0 = Release|Any CPU
		{863C0911-1014-4E35-8860-231D476D27B7}.Debug|Any CPU.ActiveCfg = Debug|Any CPU
		{863C0911-1014-4E35-8860-231D476D27B7}.Debug|Any CPU.Build.0 = Debug|Any CPU
		{863C0911-1014-4E35-8860-231D476D27B7}.Release|Any CPU.ActiveCfg = Release|Any CPU
		{863C0911-1014-4E35-8860-231D476D27B7}.Release|Any CPU.Build.0 = Release|Any CPU
	EndGlobalSection
	GlobalSection(SolutionProperties) = preSolution
		HideSolutionNode = FALSE
	EndGlobalSection
	GlobalSection(ExtensibilityGlobals) = postSolution
		SolutionGuid = {EAEA9AF3-5475-4AC4-85B3-36CEF6FE4204}
	EndGlobalSection
EndGlobal
